
Microsoft Visual Studio Solution File, Format Version 12.00
# Visual Studio Version 16
VisualStudioVersion = 16.0.32901.82
MinimumVisualStudioVersion = 10.0.40219.1
Project("{FAE04EC0-301F-11D3-BF4B-00C04F79EFBC}") = "AppProducts.Android", "LoginApp\LoginApp.Android\AppProducts.Android.csproj", "{4AF8B075-80E2-432E-A9A6-9CC2A1DEB99A}"
EndProject
Project("{FAE04EC0-301F-11D3-BF4B-00C04F79EFBC}") = "AppProducts.iOS", "LoginApp\LoginApp.iOS\AppProducts.iOS.csproj", "{99B5123D-146C-46FD-8A98-0E4BE54FA19A}"
EndProject
Project("{9A19103F-16F7-4668-BE54-9A1E7A4F7556}") = "AppProducts", "LoginApp\LoginApp\AppProducts.csproj", "{CCBFE50F-1DEE-4BF1-9581-3B3AD0217E2A}"
EndProject
Global
	GlobalSection(SolutionConfigurationPlatforms) = preSolution
		Debug|Any CPU = Debug|Any CPU
		Debug|iPhone = Debug|iPhone
		Debug|iPhoneSimulator = Debug|iPhoneSimulator
		Release|Any CPU = Release|Any CPU
		Release|iPhone = Release|iPhone
		Release|iPhoneSimulator = Release|iPhoneSimulator
	EndGlobalSection
	GlobalSection(ProjectConfigurationPlatforms) = postSolution
		{4AF8B075-80E2-432E-A9A6-9CC2A1DEB99A}.Debug|Any CPU.ActiveCfg = Debug|Any CPU
		{4AF8B075-80E2-432E-A9A6-9CC2A1DEB99A}.Debug|Any CPU.Build.0 = Debug|Any CPU
		{4AF8B075-80E2-432E-A9A6-9CC2A1DEB99A}.Debug|Any CPU.Deploy.0 = Debug|Any CPU
		{4AF8B075-80E2-432E-A9A6-9CC2A1DEB99A}.Debug|iPhone.ActiveCfg = Debug|Any CPU
		{4AF8B075-80E2-432E-A9A6-9CC2A1DEB99A}.Debug|iPhone.Build.0 = Debug|Any CPU
		{4AF8B075-80E2-432E-A9A6-9CC2A1DEB99A}.Debug|iPhone.Deploy.0 = Debug|Any CPU
		{4AF8B075-80E2-432E-A9A6-9CC2A1DEB99A}.Debug|iPhoneSimulator.ActiveCfg = Debug|Any CPU
		{4AF8B075-80E2-432E-A9A6-9CC2A1DEB99A}.Debug|iPhoneSimulator.Build.0 = Debug|Any CPU
		{4AF8B075-80E2-432E-A9A6-9CC2A1DEB99A}.Debug|iPhoneSimulator.Deploy.0 = Debug|Any CPU
		{4AF8B075-80E2-432E-A9A6-9CC2A1DEB99A}.Release|Any CPU.ActiveCfg = Release|Any CPU
		{4AF8B075-80E2-432E-A9A6-9CC2A1DEB99A}.Release|Any CPU.Build.0 = Release|Any CPU
		{4AF8B075-80E2-432E-A9A6-9CC2A1DEB99A}.Release|Any CPU.Deploy.0 = Release|Any CPU
		{4AF8B075-80E2-432E-A9A6-9CC2A1DEB99A}.Release|iPhone.ActiveCfg = Release|Any CPU
		{4AF8B075-80E2-432E-A9A6-9CC2A1DEB99A}.Release|iPhone.Build.0 = Release|Any CPU
		{4AF8B075-80E2-432E-A9A6-9CC2A1DEB99A}.Release|iPhone.Deploy.0 = Release|Any CPU
		{4AF8B075-80E2-432E-A9A6-9CC2A1DEB99A}.Release|iPhoneSimulator.ActiveCfg = Release|Any CPU
		{4AF8B075-80E2-432E-A9A6-9CC2A1DEB99A}.Release|iPhoneSimulator.Build.0 = Release|Any CPU
		{4AF8B075-80E2-432E-A9A6-9CC2A1DEB99A}.Release|iPhoneSimulator.Deploy.0 = Release|Any CPU
		{99B5123D-146C-46FD-8A98-0E4BE54FA19A}.Debug|Any CPU.ActiveCfg = Debug|iPhone
		{99B5123D-146C-46FD-8A98-0E4BE54FA19A}.Debug|Any CPU.Build.0 = Debug|iPhone
		{99B5123D-146C-46FD-8A98-0E4BE54FA19A}.Debug|Any CPU.Deploy.0 = Debug|iPhone
		{99B5123D-146C-46FD-8A98-0E4BE54FA19A}.Debug|iPhone.ActiveCfg = Debug|iPhone
		{99B5123D-146C-46FD-8A98-0E4BE54FA19A}.Debug|iPhone.Build.0 = Debug|iPhone
		{99B5123D-146C-46FD-8A98-0E4BE54FA19A}.Debug|iPhone.Deploy.0 = Debug|iPhone
		{99B5123D-146C-46FD-8A98-0E4BE54FA19A}.Debug|iPhoneSimulator.ActiveCfg = Debug|iPhoneSimulator
		{99B5123D-146C-46FD-8A98-0E4BE54FA19A}.Debug|iPhoneSimulator.Build.0 = Debug|iPhoneSimulator
		{99B5123D-146C-46FD-8A98-0E4BE54FA19A}.Debug|iPhoneSimulator.Deploy.0 = Debug|iPhoneSimulator
		{99B5123D-146C-46FD-8A98-0E4BE54FA19A}.Release|Any CPU.ActiveCfg = Release|iPhoneSimulator
		{99B5123D-146C-46FD-8A98-0E4BE54FA19A}.Release|Any CPU.Build.0 = Release|iPhoneSimulator
		{99B5123D-146C-46FD-8A98-0E4BE54FA19A}.Release|Any CPU.Deploy.0 = Release|iPhoneSimulator
		{99B5123D-146C-46FD-8A98-0E4BE54FA19A}.Release|iPhone.ActiveCfg = Release|iPhone
		{99B5123D-146C-46FD-8A98-0E4BE54FA19A}.Release|iPhone.Build.0 = Release|iPhone
		{99B5123D-146C-46FD-8A98-0E4BE54FA19A}.Release|iPhone.Deploy.0 = Release|iPhone
		{99B5123D-146C-46FD-8A98-0E4BE54FA19A}.Release|iPhoneSimulator.ActiveCfg = Release|iPhoneSimulator
		{99B5123D-146C-46FD-8A98-0E4BE54FA19A}.Release|iPhoneSimulator.Build.0 = Release|iPhoneSimulator
		{99B5123D-146C-46FD-8A98-0E4BE54FA19A}.Release|iPhoneSimulator.Deploy.0 = Release|iPhoneSimulator
		{CCBFE50F-1DEE-4BF1-9581-3B3AD0217E2A}.Debug|Any CPU.ActiveCfg = Debug|Any CPU
		{CCBFE50F-1DEE-4BF1-9581-3B3AD0217E2A}.Debug|Any CPU.Build.0 = Debug|Any CPU
		{CCBFE50F-1DEE-4BF1-9581-3B3AD0217E2A}.Debug|Any CPU.Deploy.0 = Debug|Any CPU
		{CCBFE50F-1DEE-4BF1-9581-3B3AD0217E2A}.Debug|iPhone.ActiveCfg = Debug|Any CPU
		{CCBFE50F-1DEE-4BF1-9581-3B3AD0217E2A}.Debug|iPhone.Build.0 = Debug|Any CPU
		{CCBFE50F-1DEE-4BF1-9581-3B3AD0217E2A}.Debug|iPhone.Deploy.0 = Debug|Any CPU
		{CCBFE50F-1DEE-4BF1-9581-3B3AD0217E2A}.Debug|iPhoneSimulator.ActiveCfg = Debug|Any CPU
		{CCBFE50F-1DEE-4BF1-9581-3B3AD0217E2A}.Debug|iPhoneSimulator.Build.0 = Debug|Any CPU
		{CCBFE50F-1DEE-4BF1-9581-3B3AD0217E2A}.Debug|iPhoneSimulator.Deploy.0 = Debug|Any CPU
		{CCBFE50F-1DEE-4BF1-9581-3B3AD0217E2A}.Release|Any CPU.ActiveCfg = Release|Any CPU
		{CCBFE50F-1DEE-4BF1-9581-3B3AD0217E2A}.Release|Any CPU.Build.0 = Release|Any CPU
		{CCBFE50F-1DEE-4BF1-9581-3B3AD0217E2A}.Release|Any CPU.Deploy.0 = Release|Any CPU
		{CCBFE50F-1DEE-4BF1-9581-3B3AD0217E2A}.Release|iPhone.ActiveCfg = Release|Any CPU
		{CCBFE50F-1DEE-4BF1-9581-3B3AD0217E2A}.Release|iPhone.Build.0 = Release|Any CPU
		{CCBFE50F-1DEE-4BF1-9581-3B3AD0217E2A}.Release|iPhone.Deploy.0 = Release|Any CPU
		{CCBFE50F-1DEE-4BF1-9581-3B3AD0217E2A}.Release|iPhoneSimulator.ActiveCfg = Release|Any CPU
		{CCBFE50F-1DEE-4BF1-9581-3B3AD0217E2A}.Release|iPhoneSimulator.Build.0 = Release|Any CPU
		{CCBFE50F-1DEE-4BF1-9581-3B3AD0217E2A}.Release|iPhoneSimulator.Deploy.0 = Release|Any CPU
	EndGlobalSection
	GlobalSection(SolutionProperties) = preSolution
		HideSolutionNode = FALSE
	EndGlobalSection
	GlobalSection(ExtensibilityGlobals) = postSolution
		SolutionGuid = {371C7C26-27F6-4227-8CAA-8CC76DB149D1}
	EndGlobalSection
EndGlobal
